
Microsoft Visual Studio Solution File, Format Version 12.00
# Visual Studio 15
VisualStudioVersion = 15.0.27130.2010
MinimumVisualStudioVersion = 10.0.40219.1
Project("{FAE04EC0-301F-11D3-BF4B-00C04F79EFBC}") = "PracticePrograms", "PracticePrograms\PracticePrograms.csproj", "{D876CB47-0EDB-46C7-BD24-2F47F5C62F6E}"
EndProject
Global
	GlobalSection(SolutionConfigurationPlatforms) = preSolution
		Debug|Any CPU = Debug|Any CPU
		Release|Any CPU = Release|Any CPU
	EndGlobalSection
	GlobalSection(ProjectConfigurationPlatforms) = postSolution
		{D876CB47-0EDB-46C7-BD24-2F47F5C62F6E}.Debug|Any CPU.ActiveCfg = Debug|Any CPU
		{D876CB47-0EDB-46C7-BD24-2F47F5C62F6E}.Debug|Any CPU.Build.0 = Debug|Any CPU
		{D876CB47-0EDB-46C7-BD24-2F47F5C62F6E}.Release|Any CPU.ActiveCfg = Release|Any CPU
		{D876CB47-0EDB-46C7-BD24-2F47F5C62F6E}.Release|Any CPU.Build.0 = Release|Any CPU
	EndGlobalSection
	GlobalSection(SolutionProperties) = preSolution
		HideSolutionNode = FALSE
	EndGlobalSection
	GlobalSection(ExtensibilityGlobals) = postSolution
		SolutionGuid = {5CBF6057-92D3-489D-A884-5EAA9E57E363}
	EndGlobalSection
EndGlobal
